// !$*UTF8*$!
{
	archiveVersion = 1;
	classes = {
	};
	objectVersion = 50;
	objects = {

/* Begin PBXBuildFile section */
		69015FFD24B59632009EDD5D /* AppDelegate.swift in Sources */ = {isa = PBXBuildFile; fileRef = 69015FFC24B59632009EDD5D /* AppDelegate.swift */; };
		69015FFF24B59632009EDD5D /* SceneDelegate.swift in Sources */ = {isa = PBXBuildFile; fileRef = 69015FFE24B59632009EDD5D /* SceneDelegate.swift */; };
		6901600124B59632009EDD5D /* ViewController.swift in Sources */ = {isa = PBXBuildFile; fileRef = 6901600024B59632009EDD5D /* ViewController.swift */; };
		6901600424B59632009EDD5D /* Main.storyboard in Resources */ = {isa = PBXBuildFile; fileRef = 6901600224B59632009EDD5D /* Main.storyboard */; };
		6901600624B59634009EDD5D /* Assets.xcassets in Resources */ = {isa = PBXBuildFile; fileRef = 6901600524B59634009EDD5D /* Assets.xcassets */; };
		6901600924B59634009EDD5D /* LaunchScreen.storyboard in Resources */ = {isa = PBXBuildFile; fileRef = 6901600724B59634009EDD5D /* LaunchScreen.storyboard */; };
		6901601124B5969A009EDD5D /* Player.swift in Sources */ = {isa = PBXBuildFile; fileRef = 6901601024B5969A009EDD5D /* Player.swift */; };
/* End PBXBuildFile section */

/* Begin PBXFileReference section */
		69015FF924B59632009EDD5D /* UISearchControllerExample.app */ = {isa = PBXFileReference; explicitFileType = wrapper.application; includeInIndex = 0; path = UISearchControllerExample.app; sourceTree = BUILT_PRODUCTS_DIR; };
		69015FFC24B59632009EDD5D /* AppDelegate.swift */ = {isa = PBXFileReference; lastKnownFileType = sourcecode.swift; path = AppDelegate.swift; sourceTree = "<group>"; };
		69015FFE24B59632009EDD5D /* SceneDelegate.swift */ = {isa = PBXFileReference; lastKnownFileType = sourcecode.swift; path = SceneDelegate.swift; sourceTree = "<group>"; };
		6901600024B59632009EDD5D /* ViewController.swift */ = {isa = PBXFileReference; lastKnownFileType = sourcecode.swift; path = ViewController.swift; sourceTree = "<group>"; };
		6901600324B59632009EDD5D /* Base */ = {isa = PBXFileReference; lastKnownFileType = file.storyboard; name = Base; path = Base.lproj/Main.storyboard; sourceTree = "<group>"; };
		6901600524B59634009EDD5D /* Assets.xcassets */ = {isa = PBXFileReference; lastKnownFileType = folder.assetcatalog; path = Assets.xcassets; sourceTree = "<group>"; };
		6901600824B59634009EDD5D /* Base */ = {isa = PBXFileReference; lastKnownFileType = file.storyboard; name = Base; path = Base.lproj/LaunchScreen.storyboard; sourceTree = "<group>"; };
		6901600A24B59634009EDD5D /* Info.plist */ = {isa = PBXFileReference; lastKnownFileType = text.plist.xml; path = Info.plist; sourceTree = "<group>"; };
		6901601024B5969A009EDD5D /* Player.swift */ = {isa = PBXFileReference; lastKnownFileType = sourcecode.swift; path = Player.swift; sourceTree = "<group>"; };
/* End PBXFileReference section */

/* Begin PBXFrameworksBuildPhase section */
		69015FF624B59632009EDD5D /* Frameworks */ = {
			isa = PBXFrameworksBuildPhase;
			buildActionMask = 2147483647;
			files = (
			);
			runOnlyForDeploymentPostprocessing = 0;
		};
/* End PBXFrameworksBuildPhase section */

/* Begin PBXGroup section */
		69015FF024B59632009EDD5D = {
			isa = PBXGroup;
			children = (
				69015FFB24B59632009EDD5D /* UISearchControllerExample */,
				69015FFA24B59632009EDD5D /* Products */,
			);
			sourceTree = "<group>";
		};
		69015FFA24B59632009EDD5D /* Products */ = {
			isa = PBXGroup;
			children = (
				69015FF924B59632009EDD5D /* UISearchControllerExample.app */,
			);
			name = Products;
			sourceTree = "<group>";
		};
		69015FFB24B59632009EDD5D /* UISearchControllerExample */ = {
			isa = PBXGroup;
			children = (
				69015FFC24B59632009EDD5D /* AppDelegate.swift */,
				69015FFE24B59632009EDD5D /* SceneDelegate.swift */,
				6901600024B59632009EDD5D /* ViewController.swift */,
				6901600224B59632009EDD5D /* Main.storyboard */,
				6901600524B59634009EDD5D /* Assets.xcassets */,
				6901600724B59634009EDD5D /* LaunchScreen.storyboard */,
				6901600A24B59634009EDD5D /* Info.plist */,
				6901601024B5969A009EDD5D /* Player.swift */,
			);
			path = UISearchControllerExample;
			sourceTree = "<group>";
		};
/* End PBXGroup section */

/* Begin PBXNativeTarget section */
		69015FF824B59632009EDD5D /* UISearchControllerExample */ = {
			isa = PBXNativeTarget;
			buildConfigurationList = 6901600D24B59634009EDD5D /* Build configuration list for PBXNativeTarget "UISearchControllerExample" */;
			buildPhases = (
				69015FF524B59632009EDD5D /* Sources */,
				69015FF624B59632009EDD5D /* Frameworks */,
				69015FF724B59632009EDD5D /* Resources */,
			);
			buildRules = (
			);
			dependencies = (
			);
			name = UISearchControllerExample;
			productName = UISearchControllerExample;
			productReference = 69015FF924B59632009EDD5D /* UISearchControllerExample.app */;
			productType = "com.apple.product-type.application";
		};
/* End PBXNativeTarget section */

/* Begin PBXProject section */
		69015FF124B59632009EDD5D /* Project object */ = {
			isa = PBXProject;
			attributes = {
				LastSwiftUpdateCheck = 1150;
				LastUpgradeCheck = 1150;
				ORGANIZATIONNAME = "Satyadev Chauhan";
				TargetAttributes = {
					69015FF824B59632009EDD5D = {
						CreatedOnToolsVersion = 11.5;
					};
				};
			};
			buildConfigurationList = 69015FF424B59632009EDD5D /* Build configuration list for PBXProject "UISearchControllerExample" */;
			compatibilityVersion = "Xcode 9.3";
			developmentRegion = en;
			hasScannedForEncodings = 0;
			knownRegions = (
				en,
				Base,
			);
			mainGroup = 69015FF024B59632009EDD5D;
			productRefGroup = 69015FFA24B59632009EDD5D /* Products */;
			projectDirPath = "";
			projectRoot = "";
			targets = (
				69015FF824B59632009EDD5D /* UISearchControllerExample */,
			);
		};
/* End PBXProject section */

/* Begin PBXResourcesBuildPhase section */
		69015FF724B59632009EDD5D /* Resources */ = {
			isa = PBXResourcesBuildPhase;
			buildActionMask = 2147483647;
			files = (
				6901600924B59634009EDD5D /* LaunchScreen.storyboard in Resources */,
				6901600624B59634009EDD5D /* Assets.xcassets in Resources */,
				6901600424B59632009EDD5D /* Main.storyboard in Resources */,
			);
			runOnlyForDeploymentPostprocessing = 0;
		};
/* End PBXResourcesBuildPhase section */

/* Begin PBXSourcesBuildPhase section */
		69015FF524B59632009EDD5D /* Sources */ = {
			isa = PBXSourcesBuildPhase;
			buildActionMask = 2147483647;
			files = (
				6901601124B5969A009EDD5D /* Player.swift in Sources */,
				6901600124B59632009EDD5D /* ViewController.swift in Sources */,
				69015FFD24B59632009EDD5D /* AppDelegate.swift in Sources */,
				69015FFF24B59632009EDD5D /* SceneDelegate.swift in Sources */,
			);
			runOnlyForDeploymentPostprocessing = 0;
		};
/* End PBXSourcesBuildPhase section */

/* Begin PBXVariantGroup section */
		6901600224B59632009EDD5D /* Main.storyboard */ = {
			isa = PBXVariantGroup;
			children = (
				6901600324B59632009EDD5D /* Base */,
			);
			name = Main.storyboard;
			sourceTree = "<group>";
		};
		6901600724B59634009EDD5D /* LaunchScreen.storyboard */ = {
			isa = PBXVariantGroup;
			children = (
				6901600824B59634009EDD5D /* Base */,
			);
			name = LaunchScreen.storyboard;
			sourceTree = "<group>";
		};
/* End PBXVariantGroup section */

/* Begin XCBuildConfiguration section */
		6901600B24B59634009EDD5D /* Debug */ = {
			isa = XCBuildConfiguration;
			buildSettings = {
				ALWAYS_SEARCH_USER_PATHS = NO;
				CLANG_ANALYZER_NONNULL = YES;
				CLANG_ANALYZER_NUMBER_OBJECT_CONVERSION = YES_AGGRESSIVE;
				CLANG_CXX_LANGUAGE_STANDARD = "gnu++14";
				CLANG_CXX_LIBRARY = "libc++";
				CLANG_ENABLE_MODULES = YES;
				CLANG_ENABLE_OBJC_ARC = YES;
				CLANG_ENABLE_OBJC_WEAK = YES;
				CLANG_WARN_BLOCK_CAPTURE_AUTORELEASING = YES;
				CLANG_WARN_BOOL_CONVERSION = YES;
				CLANG_WARN_COMMA = YES;
				CLANG_WARN_CONSTANT_CONVERSION = YES;
				CLANG_WARN_DEPRECATED_OBJC_IMPLEMENTATIONS = YES;
				CLANG_WARN_DIRECT_OBJC_ISA_USAGE = YES_ERROR;
				CLANG_WARN_DOCUMENTATION_COMMENTS = YES;
				CLANG_WARN_EMPTY_BODY = YES;
				CLANG_WARN_ENUM_CONVERSION = YES;
				CLANG_WARN_INFINITE_RECURSION = YES;
				CLANG_WARN_INT_CONVERSION = YES;
				CLANG_WARN_NON_LITERAL_NULL_CONVERSION = YES;
				CLANG_WARN_OBJC_IMPLICIT_RETAIN_SELF = YES;
				CLANG_WARN_OBJC_LITERAL_CONVERSION = YES;
				CLANG_WARN_OBJC_ROOT_CLASS = YES_ERROR;
				CLANG_WARN_RANGE_LOOP_ANALYSIS = YES;
				CLANG_WARN_STRICT_PROTOTYPES = YES;
				CLANG_WARN_SUSPICIOUS_MOVE = YES;
				CLANG_WARN_UNGUARDED_AVAILABILITY = YES_AGGRESSIVE;
				CLANG_WARN_UNREACHABLE_CODE = YES;
				CLANG_WARN__DUPLICATE_METHOD_MATCH = YES;
				COPY_PHASE_STRIP = NO;
				DEBUG_INFORMATION_FORMAT = dwarf;
				ENABLE_STRICT_OBJC_MSGSEND = YES;
				ENABLE_TESTABILITY = YES;
				GCC_C_LANGUAGE_STANDARD = gnu11;
				GCC_DYNAMIC_NO_PIC = NO;
				GCC_NO_COMMON_BLOCKS = YES;
				GCC_OPTIMIZATION_LEVEL = 0;
				GCC_PREPROCESSOR_DEFINITIONS = (
					"DEBUG=1",
					"$(inherited)",
				);
				GCC_WARN_64_TO_32_BIT_CONVERSION = YES;
				GCC_WARN_ABOUT_RETURN_TYPE = YES_ERROR;
				GCC_WARN_UNDECLARED_SELECTOR = YES;
				GCC_WARN_UNINITIALIZED_AUTOS = YES_AGGRESSIVE;
				GCC_WARN_UNUSED_FUNCTION = YES;
				GCC_WARN_UNUSED_VARIABLE = YES;
				IPHONEOS_DEPLOYMENT_TARGET = 13.5;
				MTL_ENABLE_DEBUG_INFO = INCLUDE_SOURCE;
				MTL_FAST_MATH = YES;
				ONLY_ACTIVE_ARCH = YES;
				SDKROOT = iphoneos;
				SWIFT_ACTIVE_COMPILATION_CONDITIONS = DEBUG;
				SWIFT_OPTIMIZATION_LEVEL = "-Onone";
			};
			name = Debug;
		};
		6901600C24B59634009EDD5D /* Release */ = {
			isa = XCBuildConfiguration;
			buildSettings = {
				ALWAYS_SEARCH_USER_PATHS = NO;
				CLANG_ANALYZER_NONNULL = YES;
				CLANG_ANALYZER_NUMBER_OBJECT_CONVERSION = YES_AGGRESSIVE;
				CLANG_CXX_LANGUAGE_STANDARD = "gnu++14";
				CLANG_CXX_LIBRARY = "libc++";
				CLANG_ENABLE_MODULES = YES;
				CLANG_ENABLE_OBJC_ARC = YES;
				CLANG_ENABLE_OBJC_WEAK = YES;
				CLANG_WARN_BLOCK_CAPTURE_AUTORELEASING = YES;
				CLANG_WARN_BOOL_CONVERSION = YES;
				CLANG_WARN_COMMA = YES;
				CLANG_WARN_CONSTANT_CONVERSION = YES;
				CLANG_WARN_DEPRECATED_OBJC_IMPLEMENTATIONS = YES;
				CLANG_WARN_DIRECT_OBJC_ISA_USAGE = YES_ERROR;
				CLANG_WARN_DOCUMENTATION_COMMENTS = YES;
				CLANG_WARN_EMPTY_BODY = YES;
				CLANG_WARN_ENUM_CONVERSION = YES;
				CLANG_WARN_INFINITE_RECURSION = YES;
				CLANG_WARN_INT_CONVERSION = YES;
				CLANG_WARN_NON_LITERAL_NULL_CONVERSION = YES;
				CLANG_WARN_OBJC_IMPLICIT_RETAIN_SELF = YES;
				CLANG_WARN_OBJC_LITERAL_CONVERSION = YES;
				CLANG_WARN_OBJC_ROOT_CLASS = YES_ERROR;
				CLANG_WARN_RANGE_LOOP_ANALYSIS = YES;
				CLANG_WARN_STRICT_PROTOTYPES = YES;
				CLANG_WARN_SUSPICIOUS_MOVE = YES;
				CLANG_WARN_UNGUARDED_AVAILABILITY = YES_AGGRESSIVE;
				CLANG_WARN_UNREACHABLE_CODE = YES;
				CLANG_WARN__DUPLICATE_METHOD_MATCH = YES;
				COPY_PHASE_STRIP = NO;
				DEBUG_INFORMATION_FORMAT = "dwarf-with-dsym";
				ENABLE_NS_ASSERTIONS = NO;
				ENABLE_STRICT_OBJC_MSGSEND = YES;
				GCC_C_LANGUAGE_STANDARD = gnu11;
				GCC_NO_COMMON_BLOCKS = YES;
				GCC_WARN_64_TO_32_BIT_CONVERSION = YES;
				GCC_WARN_ABOUT_RETURN_TYPE = YES_ERROR;
				GCC_WARN_UNDECLARED_SELECTOR = YES;
				GCC_WARN_UNINITIALIZED_AUTOS = YES_AGGRESSIVE;
				GCC_WARN_UNUSED_FUNCTION = YES;
				GCC_WARN_UNUSED_VARIABLE = YES;
				IPHONEOS_DEPLOYMENT_TARGET = 13.5;
				MTL_ENABLE_DEBUG_INFO = NO;
				MTL_FAST_MATH = YES;
				SDKROOT = iphoneos;
				SWIFT_COMPILATION_MODE = wholemodule;
				SWIFT_OPTIMIZATION_LEVEL = "-O";
				VALIDATE_PRODUCT = YES;
			};
			name = Release;
		};
		6901600E24B59634009EDD5D /* Debug */ = {
			isa = XCBuildConfiguration;
			buildSettings = {
				ASSETCATALOG_COMPILER_APPICON_NAME = AppIcon;
				CODE_SIGN_STYLE = Automatic;
				INFOPLIST_FILE = UISearchControllerExample/Info.plist;
				LD_RUNPATH_SEARCH_PATHS = (
					"$(inherited)",
					"@executable_path/Frameworks",
				);
				PRODUCT_BUNDLE_IDENTIFIER = com.satyadev.UISearchControllerExample;
				PRODUCT_NAME = "$(TARGET_NAME)";
				SWIFT_VERSION = 5.0;
				TARGETED_DEVICE_FAMILY = "1,2";
			};
			name = Debug;
		};
		6901600F24B59634009EDD5D /* Release */ = {
			isa = XCBuildConfiguration;
			buildSettings = {
				ASSETCATALOG_COMPILER_APPICON_NAME = AppIcon;
				CODE_SIGN_STYLE = Automatic;
				INFOPLIST_FILE = UISearchControllerExample/Info.plist;
				LD_RUNPATH_SEARCH_PATHS = (
					"$(inherited)",
					"@executable_path/Frameworks",
				);
				PRODUCT_BUNDLE_IDENTIFIER = com.satyadev.UISearchControllerExample;
				PRODUCT_NAME = "$(TARGET_NAME)";
				SWIFT_VERSION = 5.0;
				TARGETED_DEVICE_FAMILY = "1,2";
			};
			name = Release;
		};
/* End XCBuildConfiguration section */

/* Begin XCConfigurationList section */
		69015FF424B59632009EDD5D /* Build configuration list for PBXProject "UISearchControllerExample" */ = {
			isa = XCConfigurationList;
			buildConfigurations = (
				6901600B24B59634009EDD5D /* Debug */,
				6901600C24B59634009EDD5D /* Release */,
			);
			defaultConfigurationIsVisible = 0;
			defaultConfigurationName = Release;
		};
		6901600D24B59634009EDD5D /* Build configuration list for PBXNativeTarget "UISearchControllerExample" */ = {
			isa = XCConfigurationList;
			buildConfigurations = (
				6901600E24B59634009EDD5D /* Debug */,
				6901600F24B59634009EDD5D /* Release */,
			);
			defaultConfigurationIsVisible = 0;
			defaultConfigurationName = Release;
		};
/* End XCConfigurationList section */
	};
	rootObject = 69015FF124B59632009EDD5D /* Project object */;
}
